// !$*UTF8*$!
{
	archiveVersion = 1;
	classes = {
	};
	objectVersion = 46;
	objects = {

/* Begin PBXBuildFile section */
		CECD86C215E000650061DDB3 /* UIKit.framework in Frameworks */ = {isa = PBXBuildFile; fileRef = CECD86C115E000650061DDB3 /* UIKit.framework */; };
		CECD86C415E000650061DDB3 /* Foundation.framework in Frameworks */ = {isa = PBXBuildFile; fileRef = CECD86C315E000650061DDB3 /* Foundation.framework */; };
		CECD86C615E000650061DDB3 /* CoreGraphics.framework in Frameworks */ = {isa = PBXBuildFile; fileRef = CECD86C515E000650061DDB3 /* CoreGraphics.framework */; };
		CECD86CC15E000650061DDB3 /* InfoPlist.strings in Resources */ = {isa = PBXBuildFile; fileRef = CECD86CA15E000650061DDB3 /* InfoPlist.strings */; };
		CECD86CE15E000650061DDB3 /* main.m in Sources */ = {isa = PBXBuildFile; fileRef = CECD86CD15E000650061DDB3 /* main.m */; };
		CECD86D215E000650061DDB3 /* SRReporter.m in Sources */ = {isa = PBXBuildFile; fileRef = CECD86D115E000650061DDB3 /* SRReporter.m */; };
		CECD86E315E000650061DDB3 /* SenTestingKit.framework in Frameworks */ = {isa = PBXBuildFile; fileRef = CECD86E215E000650061DDB3 /* SenTestingKit.framework */; };
		CECD86E415E000650061DDB3 /* UIKit.framework in Frameworks */ = {isa = PBXBuildFile; fileRef = CECD86C115E000650061DDB3 /* UIKit.framework */; };
		CECD86E515E000650061DDB3 /* Foundation.framework in Frameworks */ = {isa = PBXBuildFile; fileRef = CECD86C315E000650061DDB3 /* Foundation.framework */; };
		CECD86ED15E000660061DDB3 /* InfoPlist.strings in Resources */ = {isa = PBXBuildFile; fileRef = CECD86EB15E000660061DDB3 /* InfoPlist.strings */; };
		CECD86F015E000660061DDB3 /* SRReposterTests.m in Sources */ = {isa = PBXBuildFile; fileRef = CECD86EF15E000660061DDB3 /* SRReposterTests.m */; };
		CECD86FC15E0028B0061DDB3 /* SRFeedViewController.m in Sources */ = {isa = PBXBuildFile; fileRef = CECD86FB15E0028B0061DDB3 /* SRFeedViewController.m */; };
		CECD871315E008290061DDB3 /* Localizable.strings in Resources */ = {isa = PBXBuildFile; fileRef = CECD871515E008290061DDB3 /* Localizable.strings */; };
		CECD871A15E00A850061DDB3 /* SRFeedItem.m in Sources */ = {isa = PBXBuildFile; fileRef = CECD871915E00A850061DDB3 /* SRFeedItem.m */; };
/* End PBXBuildFile section */

/* Begin PBXContainerItemProxy section */
		CECD86E615E000650061DDB3 /* PBXContainerItemProxy */ = {
			isa = PBXContainerItemProxy;
			containerPortal = CECD86B415E000650061DDB3 /* Project object */;
			proxyType = 1;
			remoteGlobalIDString = CECD86BC15E000650061DDB3;
			remoteInfo = SRReposter;
		};
/* End PBXContainerItemProxy section */

/* Begin PBXFileReference section */
		CECD86BD15E000650061DDB3 /* SRReposter.app */ = {isa = PBXFileReference; explicitFileType = wrapper.application; includeInIndex = 0; path = SRReposter.app; sourceTree = BUILT_PRODUCTS_DIR; };
		CECD86C115E000650061DDB3 /* UIKit.framework */ = {isa = PBXFileReference; lastKnownFileType = wrapper.framework; name = UIKit.framework; path = System/Library/Frameworks/UIKit.framework; sourceTree = SDKROOT; };
		CECD86C315E000650061DDB3 /* Foundation.framework */ = {isa = PBXFileReference; lastKnownFileType = wrapper.framework; name = Foundation.framework; path = System/Library/Frameworks/Foundation.framework; sourceTree = SDKROOT; };
		CECD86C515E000650061DDB3 /* CoreGraphics.framework */ = {isa = PBXFileReference; lastKnownFileType = wrapper.framework; name = CoreGraphics.framework; path = System/Library/Frameworks/CoreGraphics.framework; sourceTree = SDKROOT; };
		CECD86C915E000650061DDB3 /* SRReposter-Info.plist */ = {isa = PBXFileReference; lastKnownFileType = text.plist.xml; path = "SRReposter-Info.plist"; sourceTree = "<group>"; };
		CECD86CB15E000650061DDB3 /* en */ = {isa = PBXFileReference; lastKnownFileType = text.plist.strings; name = en; path = en.lproj/InfoPlist.strings; sourceTree = "<group>"; };
		CECD86CD15E000650061DDB3 /* main.m */ = {isa = PBXFileReference; lastKnownFileType = sourcecode.c.objc; path = main.m; sourceTree = "<group>"; };
		CECD86CF15E000650061DDB3 /* SRReposter-Prefix.pch */ = {isa = PBXFileReference; lastKnownFileType = sourcecode.c.h; path = "SRReposter-Prefix.pch"; sourceTree = "<group>"; };
		CECD86D015E000650061DDB3 /* SRReporter.h */ = {isa = PBXFileReference; lastKnownFileType = sourcecode.c.h; path = SRReporter.h; sourceTree = "<group>"; };
		CECD86D115E000650061DDB3 /* SRReporter.m */ = {isa = PBXFileReference; lastKnownFileType = sourcecode.c.objc; path = SRReporter.m; sourceTree = "<group>"; };
		CECD86E115E000650061DDB3 /* SRReposterTests.octest */ = {isa = PBXFileReference; explicitFileType = wrapper.cfbundle; includeInIndex = 0; path = SRReposterTests.octest; sourceTree = BUILT_PRODUCTS_DIR; };
		CECD86E215E000650061DDB3 /* SenTestingKit.framework */ = {isa = PBXFileReference; lastKnownFileType = wrapper.framework; name = SenTestingKit.framework; path = Library/Frameworks/SenTestingKit.framework; sourceTree = DEVELOPER_DIR; };
		CECD86EA15E000660061DDB3 /* SRReposterTests-Info.plist */ = {isa = PBXFileReference; lastKnownFileType = text.plist.xml; path = "SRReposterTests-Info.plist"; sourceTree = "<group>"; };
		CECD86EC15E000660061DDB3 /* en */ = {isa = PBXFileReference; lastKnownFileType = text.plist.strings; name = en; path = en.lproj/InfoPlist.strings; sourceTree = "<group>"; };
		CECD86EE15E000660061DDB3 /* SRReposterTests.h */ = {isa = PBXFileReference; lastKnownFileType = sourcecode.c.h; path = SRReposterTests.h; sourceTree = "<group>"; };
		CECD86EF15E000660061DDB3 /* SRReposterTests.m */ = {isa = PBXFileReference; lastKnownFileType = sourcecode.c.objc; path = SRReposterTests.m; sourceTree = "<group>"; };
		CECD86FA15E0028B0061DDB3 /* SRFeedViewController.h */ = {isa = PBXFileReference; fileEncoding = 4; lastKnownFileType = sourcecode.c.h; path = SRFeedViewController.h; sourceTree = "<group>"; };
		CECD86FB15E0028B0061DDB3 /* SRFeedViewController.m */ = {isa = PBXFileReference; fileEncoding = 4; lastKnownFileType = sourcecode.c.objc; path = SRFeedViewController.m; sourceTree = "<group>"; };
		CECD86FE15E005D90061DDB3 /* SRReposterDefines.h */ = {isa = PBXFileReference; lastKnownFileType = sourcecode.c.h; path = SRReposterDefines.h; sourceTree = "<group>"; };
		CECD870E15E0062B0061DDB3 /* SRReposterMacros.h */ = {isa = PBXFileReference; lastKnownFileType = sourcecode.c.h; path = SRReposterMacros.h; sourceTree = "<group>"; };
		CECD871415E008290061DDB3 /* en */ = {isa = PBXFileReference; lastKnownFileType = text.plist.strings; name = en; path = en.lproj/Localizable.strings; sourceTree = "<group>"; };
		CECD871615E008340061DDB3 /* ru */ = {isa = PBXFileReference; lastKnownFileType = text.plist.strings; name = ru; path = ru.lproj/Localizable.strings; sourceTree = "<group>"; };
		CECD871815E00A850061DDB3 /* SRFeedItem.h */ = {isa = PBXFileReference; fileEncoding = 4; lastKnownFileType = sourcecode.c.h; path = SRFeedItem.h; sourceTree = "<group>"; };
		CECD871915E00A850061DDB3 /* SRFeedItem.m */ = {isa = PBXFileReference; fileEncoding = 4; lastKnownFileType = sourcecode.c.objc; path = SRFeedItem.m; sourceTree = "<group>"; };
/* End PBXFileReference section */

/* Begin PBXFrameworksBuildPhase section */
		CECD86BA15E000650061DDB3 /* Frameworks */ = {
			isa = PBXFrameworksBuildPhase;
			buildActionMask = 2147483647;
			files = (
				CECD86C215E000650061DDB3 /* UIKit.framework in Frameworks */,
				CECD86C415E000650061DDB3 /* Foundation.framework in Frameworks */,
				CECD86C615E000650061DDB3 /* CoreGraphics.framework in Frameworks */,
			);
			runOnlyForDeploymentPostprocessing = 0;
		};
		CECD86DD15E000650061DDB3 /* Frameworks */ = {
			isa = PBXFrameworksBuildPhase;
			buildActionMask = 2147483647;
			files = (
				CECD86E315E000650061DDB3 /* SenTestingKit.framework in Frameworks */,
				CECD86E415E000650061DDB3 /* UIKit.framework in Frameworks */,
				CECD86E515E000650061DDB3 /* Foundation.framework in Frameworks */,
			);
			runOnlyForDeploymentPostprocessing = 0;
		};
/* End PBXFrameworksBuildPhase section */

/* Begin PBXGroup section */
		CECD86B215E000650061DDB3 = {
			isa = PBXGroup;
			children = (
				CECD86C715E000650061DDB3 /* SRReposter */,
				CECD86E815E000650061DDB3 /* SRReposterTests */,
				CECD86C015E000650061DDB3 /* Frameworks */,
				CECD86BE15E000650061DDB3 /* Products */,
			);
			sourceTree = "<group>";
		};
		CECD86BE15E000650061DDB3 /* Products */ = {
			isa = PBXGroup;
			children = (
				CECD86BD15E000650061DDB3 /* SRReposter.app */,
				CECD86E115E000650061DDB3 /* SRReposterTests.octest */,
			);
			name = Products;
			sourceTree = "<group>";
		};
		CECD86C015E000650061DDB3 /* Frameworks */ = {
			isa = PBXGroup;
			children = (
				CECD86C115E000650061DDB3 /* UIKit.framework */,
				CECD86C315E000650061DDB3 /* Foundation.framework */,
				CECD86C515E000650061DDB3 /* CoreGraphics.framework */,
				CECD86E215E000650061DDB3 /* SenTestingKit.framework */,
			);
			name = Frameworks;
			sourceTree = "<group>";
		};
		CECD86C715E000650061DDB3 /* SRReposter */ = {
			isa = PBXGroup;
			children = (
				CECD86D015E000650061DDB3 /* SRReporter.h */,
				CECD86D115E000650061DDB3 /* SRReporter.m */,
				CECD86FD15E005C40061DDB3 /* Defines */,
				CECD86F915E002400061DDB3 /* Sources */,
				CECD870F15E008070061DDB3 /* Resources */,
				CECD86C815E000650061DDB3 /* Supporting Files */,
			);
			path = SRReposter;
			sourceTree = "<group>";
		};
		CECD86C815E000650061DDB3 /* Supporting Files */ = {
			isa = PBXGroup;
			children = (
				CECD86C915E000650061DDB3 /* SRReposter-Info.plist */,
				CECD86CA15E000650061DDB3 /* InfoPlist.strings */,
				CECD86CD15E000650061DDB3 /* main.m */,
				CECD86CF15E000650061DDB3 /* SRReposter-Prefix.pch */,
			);
			name = "Supporting Files";
			sourceTree = "<group>";
		};
		CECD86E815E000650061DDB3 /* SRReposterTests */ = {
			isa = PBXGroup;
			children = (
				CECD86EE15E000660061DDB3 /* SRReposterTests.h */,
				CECD86EF15E000660061DDB3 /* SRReposterTests.m */,
				CECD86E915E000660061DDB3 /* Supporting Files */,
			);
			path = SRReposterTests;
			sourceTree = "<group>";
		};
		CECD86E915E000660061DDB3 /* Supporting Files */ = {
			isa = PBXGroup;
			children = (
				CECD86EA15E000660061DDB3 /* SRReposterTests-Info.plist */,
				CECD86EB15E000660061DDB3 /* InfoPlist.strings */,
			);
			name = "Supporting Files";
			sourceTree = "<group>";
		};
		CECD86F915E002400061DDB3 /* Sources */ = {
			isa = PBXGroup;
			children = (
				CECD871715E00A690061DDB3 /* Objects */,
				CECD86FA15E0028B0061DDB3 /* SRFeedViewController.h */,
				CECD86FB15E0028B0061DDB3 /* SRFeedViewController.m */,
			);
			path = Sources;
			sourceTree = "<group>";
		};
		CECD86FD15E005C40061DDB3 /* Defines */ = {
			isa = PBXGroup;
			children = (
				CECD86FE15E005D90061DDB3 /* SRReposterDefines.h */,
				CECD870E15E0062B0061DDB3 /* SRReposterMacros.h */,
			);
			path = Defines;
			sourceTree = "<group>";
		};
		CECD870F15E008070061DDB3 /* Resources */ = {
			isa = PBXGroup;
			children = (
				CECD871015E008070061DDB3 /* Localization */,
			);
			path = Resources;
			sourceTree = "<group>";
		};
		CECD871015E008070061DDB3 /* Localization */ = {
			isa = PBXGroup;
			children = (
				CECD871515E008290061DDB3 /* Localizable.strings */,
			);
			path = Localization;
			sourceTree = "<group>";
		};
		CECD871715E00A690061DDB3 /* Objects */ = {
			isa = PBXGroup;
			children = (
				CECD871815E00A850061DDB3 /* SRFeedItem.h */,
				CECD871915E00A850061DDB3 /* SRFeedItem.m */,
			);
			path = Objects;
			sourceTree = "<group>";
		};
/* End PBXGroup section */

/* Begin PBXNativeTarget section */
		CECD86BC15E000650061DDB3 /* SRReposter */ = {
			isa = PBXNativeTarget;
			buildConfigurationList = CECD86F315E000660061DDB3 /* Build configuration list for PBXNativeTarget "SRReposter" */;
			buildPhases = (
				CECD86B915E000650061DDB3 /* Sources */,
				CECD86BA15E000650061DDB3 /* Frameworks */,
				CECD86BB15E000650061DDB3 /* Resources */,
			);
			buildRules = (
			);
			dependencies = (
			);
			name = SRReposter;
			productName = SRReposter;
			productReference = CECD86BD15E000650061DDB3 /* SRReposter.app */;
			productType = "com.apple.product-type.application";
		};
		CECD86E015E000650061DDB3 /* SRReposterTests */ = {
			isa = PBXNativeTarget;
			buildConfigurationList = CECD86F615E000660061DDB3 /* Build configuration list for PBXNativeTarget "SRReposterTests" */;
			buildPhases = (
				CECD86DC15E000650061DDB3 /* Sources */,
				CECD86DD15E000650061DDB3 /* Frameworks */,
				CECD86DE15E000650061DDB3 /* Resources */,
				CECD86DF15E000650061DDB3 /* ShellScript */,
			);
			buildRules = (
			);
			dependencies = (
				CECD86E715E000650061DDB3 /* PBXTargetDependency */,
			);
			name = SRReposterTests;
			productName = SRReposterTests;
			productReference = CECD86E115E000650061DDB3 /* SRReposterTests.octest */;
			productType = "com.apple.product-type.bundle";
		};
/* End PBXNativeTarget section */

/* Begin PBXProject section */
		CECD86B415E000650061DDB3 /* Project object */ = {
			isa = PBXProject;
			attributes = {
				CLASSPREFIX = SR;
				LastUpgradeCheck = 0430;
				ORGANIZATIONNAME = Intelvision;
			};
			buildConfigurationList = CECD86B715E000650061DDB3 /* Build configuration list for PBXProject "SRReposter" */;
			compatibilityVersion = "Xcode 3.2";
			developmentRegion = English;
			hasScannedForEncodings = 0;
			knownRegions = (
				en,
				ru,
			);
			mainGroup = CECD86B215E000650061DDB3;
			productRefGroup = CECD86BE15E000650061DDB3 /* Products */;
			projectDirPath = "";
			projectRoot = "";
			targets = (
				CECD86BC15E000650061DDB3 /* SRReposter */,
				CECD86E015E000650061DDB3 /* SRReposterTests */,
			);
		};
/* End PBXProject section */

/* Begin PBXResourcesBuildPhase section */
		CECD86BB15E000650061DDB3 /* Resources */ = {
			isa = PBXResourcesBuildPhase;
			buildActionMask = 2147483647;
			files = (
				CECD86CC15E000650061DDB3 /* InfoPlist.strings in Resources */,
				CECD871315E008290061DDB3 /* Localizable.strings in Resources */,
			);
			runOnlyForDeploymentPostprocessing = 0;
		};
		CECD86DE15E000650061DDB3 /* Resources */ = {
			isa = PBXResourcesBuildPhase;
			buildActionMask = 2147483647;
			files = (
				CECD86ED15E000660061DDB3 /* InfoPlist.strings in Resources */,
			);
			runOnlyForDeploymentPostprocessing = 0;
		};
/* End PBXResourcesBuildPhase section */

/* Begin PBXShellScriptBuildPhase section */
		CECD86DF15E000650061DDB3 /* ShellScript */ = {
			isa = PBXShellScriptBuildPhase;
			buildActionMask = 2147483647;
			files = (
			);
			inputPaths = (
			);
			outputPaths = (
			);
			runOnlyForDeploymentPostprocessing = 0;
			shellPath = /bin/sh;
			shellScript = "# Run the unit tests in this test bundle.\n\"${SYSTEM_DEVELOPER_DIR}/Tools/RunUnitTests\"\n";
		};
/* End PBXShellScriptBuildPhase section */

/* Begin PBXSourcesBuildPhase section */
		CECD86B915E000650061DDB3 /* Sources */ = {
			isa = PBXSourcesBuildPhase;
			buildActionMask = 2147483647;
			files = (
				CECD86CE15E000650061DDB3 /* main.m in Sources */,
				CECD86D215E000650061DDB3 /* SRReporter.m in Sources */,
				CECD86FC15E0028B0061DDB3 /* SRFeedViewController.m in Sources */,
				CECD871A15E00A850061DDB3 /* SRFeedItem.m in Sources */,
			);
			runOnlyForDeploymentPostprocessing = 0;
		};
		CECD86DC15E000650061DDB3 /* Sources */ = {
			isa = PBXSourcesBuildPhase;
			buildActionMask = 2147483647;
			files = (
				CECD86F015E000660061DDB3 /* SRReposterTests.m in Sources */,
			);
			runOnlyForDeploymentPostprocessing = 0;
		};
/* End PBXSourcesBuildPhase section */

/* Begin PBXTargetDependency section */
		CECD86E715E000650061DDB3 /* PBXTargetDependency */ = {
			isa = PBXTargetDependency;
			target = CECD86BC15E000650061DDB3 /* SRReposter */;
			targetProxy = CECD86E615E000650061DDB3 /* PBXContainerItemProxy */;
		};
/* End PBXTargetDependency section */

/* Begin PBXVariantGroup section */
		CECD86CA15E000650061DDB3 /* InfoPlist.strings */ = {
			isa = PBXVariantGroup;
			children = (
				CECD86CB15E000650061DDB3 /* en */,
			);
			name = InfoPlist.strings;
			sourceTree = "<group>";
		};
		CECD86EB15E000660061DDB3 /* InfoPlist.strings */ = {
			isa = PBXVariantGroup;
			children = (
				CECD86EC15E000660061DDB3 /* en */,
			);
			name = InfoPlist.strings;
			sourceTree = "<group>";
		};
		CECD871515E008290061DDB3 /* Localizable.strings */ = {
			isa = PBXVariantGroup;
			children = (
				CECD871415E008290061DDB3 /* en */,
				CECD871615E008340061DDB3 /* ru */,
			);
			name = Localizable.strings;
			sourceTree = "<group>";
		};
/* End PBXVariantGroup section */

/* Begin XCBuildConfiguration section */
		CECD86F115E000660061DDB3 /* Debug */ = {
			isa = XCBuildConfiguration;
			buildSettings = {
				ALWAYS_SEARCH_USER_PATHS = NO;
				ARCHS = "$(ARCHS_STANDARD_32_BIT)";
				CLANG_ENABLE_OBJC_ARC = YES;
				"CODE_SIGN_IDENTITY[sdk=iphoneos*]" = "iPhone Developer";
				COPY_PHASE_STRIP = NO;
				GCC_C_LANGUAGE_STANDARD = gnu99;
				GCC_DYNAMIC_NO_PIC = NO;
				GCC_OPTIMIZATION_LEVEL = 0;
				GCC_PREPROCESSOR_DEFINITIONS = (
					"DEBUG=1",
					"$(inherited)",
				);
				GCC_SYMBOLS_PRIVATE_EXTERN = NO;
				GCC_VERSION = com.apple.compilers.llvm.clang.1_0;
				GCC_WARN_ABOUT_RETURN_TYPE = YES;
				GCC_WARN_UNINITIALIZED_AUTOS = YES;
				GCC_WARN_UNUSED_VARIABLE = YES;
				IPHONEOS_DEPLOYMENT_TARGET = 5.1;
				SDKROOT = iphoneos;
				TARGETED_DEVICE_FAMILY = "1,2";
			};
			name = Debug;
		};
		CECD86F215E000660061DDB3 /* Release */ = {
			isa = XCBuildConfiguration;
			buildSettings = {
				ALWAYS_SEARCH_USER_PATHS = NO;
				ARCHS = "$(ARCHS_STANDARD_32_BIT)";
				CLANG_ENABLE_OBJC_ARC = YES;
				"CODE_SIGN_IDENTITY[sdk=iphoneos*]" = "iPhone Developer";
				COPY_PHASE_STRIP = YES;
				GCC_C_LANGUAGE_STANDARD = gnu99;
				GCC_VERSION = com.apple.compilers.llvm.clang.1_0;
				GCC_WARN_ABOUT_RETURN_TYPE = YES;
				GCC_WARN_UNINITIALIZED_AUTOS = YES;
				GCC_WARN_UNUSED_VARIABLE = YES;
				IPHONEOS_DEPLOYMENT_TARGET = 5.1;
				OTHER_CFLAGS = "-DNS_BLOCK_ASSERTIONS=1";
				SDKROOT = iphoneos;
				TARGETED_DEVICE_FAMILY = "1,2";
				VALIDATE_PRODUCT = YES;
			};
			name = Release;
		};
		CECD86F415E000660061DDB3 /* Debug */ = {
			isa = XCBuildConfiguration;
			buildSettings = {
				GCC_PRECOMPILE_PREFIX_HEADER = YES;
				GCC_PREFIX_HEADER = "SRReposter/SRReposter-Prefix.pch";
				INFOPLIST_FILE = "SRReposter/SRReposter-Info.plist";
				PRODUCT_NAME = "$(TARGET_NAME)";
				WRAPPER_EXTENSION = app;
			};
			name = Debug;
		};
		CECD86F515E000660061DDB3 /* Release */ = {
			isa = XCBuildConfiguration;
			buildSettings = {
				GCC_PRECOMPILE_PREFIX_HEADER = YES;
				GCC_PREFIX_HEADER = "SRReposter/SRReposter-Prefix.pch";
				INFOPLIST_FILE = "SRReposter/SRReposter-Info.plist";
				PRODUCT_NAME = "$(TARGET_NAME)";
				WRAPPER_EXTENSION = app;
			};
			name = Release;
		};
		CECD86F715E000660061DDB3 /* Debug */ = {
			isa = XCBuildConfiguration;
			buildSettings = {
				BUNDLE_LOADER = "$(BUILT_PRODUCTS_DIR)/SRReposter.app/SRReposter";
				FRAMEWORK_SEARCH_PATHS = (
					"$(SDKROOT)/Developer/Library/Frameworks",
					"$(DEVELOPER_LIBRARY_DIR)/Frameworks",
				);
				GCC_PRECOMPILE_PREFIX_HEADER = YES;
				GCC_PREFIX_HEADER = "SRReposter/SRReposter-Prefix.pch";
				INFOPLIST_FILE = "SRReposterTests/SRReposterTests-Info.plist";
				PRODUCT_NAME = "$(TARGET_NAME)";
				TEST_HOST = "$(BUNDLE_LOADER)";
				WRAPPER_EXTENSION = octest;
			};
			name = Debug;
		};
		CECD86F815E000660061DDB3 /* Release */ = {
			isa = XCBuildConfiguration;
			buildSettings = {
				BUNDLE_LOADER = "$(BUILT_PRODUCTS_DIR)/SRReposter.app/SRReposter";
				FRAMEWORK_SEARCH_PATHS = (
					"$(SDKROOT)/Developer/Library/Frameworks",
					"$(DEVELOPER_LIBRARY_DIR)/Frameworks",
				);
				GCC_PRECOMPILE_PREFIX_HEADER = YES;
				GCC_PREFIX_HEADER = "SRReposter/SRReposter-Prefix.pch";
				INFOPLIST_FILE = "SRReposterTests/SRReposterTests-Info.plist";
				PRODUCT_NAME = "$(TARGET_NAME)";
				TEST_HOST = "$(BUNDLE_LOADER)";
				WRAPPER_EXTENSION = octest;
			};
			name = Release;
		};
/* End XCBuildConfiguration section */

/* Begin XCConfigurationList section */
		CECD86B715E000650061DDB3 /* Build configuration list for PBXProject "SRReposter" */ = {
			isa = XCConfigurationList;
			buildConfigurations = (
				CECD86F115E000660061DDB3 /* Debug */,
				CECD86F215E000660061DDB3 /* Release */,
			);
			defaultConfigurationIsVisible = 0;
			defaultConfigurationName = Release;
		};
		CECD86F315E000660061DDB3 /* Build configuration list for PBXNativeTarget "SRReposter" */ = {
			isa = XCConfigurationList;
			buildConfigurations = (
				CECD86F415E000660061DDB3 /* Debug */,
				CECD86F515E000660061DDB3 /* Release */,
			);
			defaultConfigurationIsVisible = 0;
		};
		CECD86F615E000660061DDB3 /* Build configuration list for PBXNativeTarget "SRReposterTests" */ = {
			isa = XCConfigurationList;
			buildConfigurations = (
				CECD86F715E000660061DDB3 /* Debug */,
				CECD86F815E000660061DDB3 /* Release */,
			);
			defaultConfigurationIsVisible = 0;
		};
/* End XCConfigurationList section */
	};
	rootObject = CECD86B415E000650061DDB3 /* Project object */;
}
